
Microsoft Visual Studio Solution File, Format Version 12.00
# Visual Studio Version 17
VisualStudioVersion = 17.8.34525.116
MinimumVisualStudioVersion = 10.0.40219.1
Project("{FAE04EC0-301F-11D3-BF4B-00C04F79EFBC}") = "task2", "task2\task2.csproj", "{36230376-7B2F-448C-A9A2-8566514C57E2}"
EndProject
Global
	GlobalSection(SolutionConfigurationPlatforms) = preSolution
		Debug|Any CPU = Debug|Any CPU
		Release|Any CPU = Release|Any CPU
	EndGlobalSection
	GlobalSection(ProjectConfigurationPlatforms) = postSolution
		{36230376-7B2F-448C-A9A2-8566514C57E2}.Debug|Any CPU.ActiveCfg = Debug|Any CPU
		{36230376-7B2F-448C-A9A2-8566514C57E2}.Debug|Any CPU.Build.0 = Debug|Any CPU
		{36230376-7B2F-448C-A9A2-8566514C57E2}.Release|Any CPU.ActiveCfg = Release|Any CPU
		{36230376-7B2F-448C-A9A2-8566514C57E2}.Release|Any CPU.Build.0 = Release|Any CPU
	EndGlobalSection
	GlobalSection(SolutionProperties) = preSolution
		HideSolutionNode = FALSE
	EndGlobalSection
	GlobalSection(ExtensibilityGlobals) = postSolution
		SolutionGuid = {7CCB9A49-6D0C-47C2-99B1-97A16D9B7774}
	EndGlobalSection
EndGlobal
